
Microsoft Visual Studio Solution File, Format Version 12.00
# Visual Studio Version 17
VisualStudioVersion = 17.0.31919.166
MinimumVisualStudioVersion = 10.0.40219.1
Project("{FAE04EC0-301F-11D3-BF4B-00C04F79EFBC}") = "TodoApi", "TodoApi\TodoApi.csproj", "{308FBB05-B4E5-489E-B0D1-6D0A7C26C822}"
EndProject
Global
	GlobalSection(SolutionConfigurationPlatforms) = preSolution
		Debug|Any CPU = Debug|Any CPU
		Release|Any CPU = Release|Any CPU
	EndGlobalSection
	GlobalSection(ProjectConfigurationPlatforms) = postSolution
		{308FBB05-B4E5-489E-B0D1-6D0A7C26C822}.Debug|Any CPU.ActiveCfg = Debug|Any CPU
		{308FBB05-B4E5-489E-B0D1-6D0A7C26C822}.Debug|Any CPU.Build.0 = Debug|Any CPU
		{308FBB05-B4E5-489E-B0D1-6D0A7C26C822}.Release|Any CPU.ActiveCfg = Release|Any CPU
		{308FBB05-B4E5-489E-B0D1-6D0A7C26C822}.Release|Any CPU.Build.0 = Release|Any CPU
	EndGlobalSection
	GlobalSection(SolutionProperties) = preSolution
		HideSolutionNode = FALSE
	EndGlobalSection
	GlobalSection(ExtensibilityGlobals) = postSolution
		SolutionGuid = {E8E2E2E6-FD42-4BC7-B6BC-CF21873E410A}
	EndGlobalSection
EndGlobal
